
Microsoft Visual Studio Solution File, Format Version 12.00
# Visual Studio Version 17
VisualStudioVersion = 17.4.33122.133
MinimumVisualStudioVersion = 10.0.40219.1
Project("{FAE04EC0-301F-11D3-BF4B-00C04F79EFBC}") = "ParkingHouse", "ParkingHouse\ParkingHouse.csproj", "{91ACBCEE-4826-4272-862E-3F88DAA1B8B1}"
EndProject
Global
	GlobalSection(SolutionConfigurationPlatforms) = preSolution
		Debug|Any CPU = Debug|Any CPU
		Release|Any CPU = Release|Any CPU
	EndGlobalSection
	GlobalSection(ProjectConfigurationPlatforms) = postSolution
		{91ACBCEE-4826-4272-862E-3F88DAA1B8B1}.Debug|Any CPU.ActiveCfg = Debug|Any CPU
		{91ACBCEE-4826-4272-862E-3F88DAA1B8B1}.Debug|Any CPU.Build.0 = Debug|Any CPU
		{91ACBCEE-4826-4272-862E-3F88DAA1B8B1}.Release|Any CPU.ActiveCfg = Release|Any CPU
		{91ACBCEE-4826-4272-862E-3F88DAA1B8B1}.Release|Any CPU.Build.0 = Release|Any CPU
	EndGlobalSection
	GlobalSection(SolutionProperties) = preSolution
		HideSolutionNode = FALSE
	EndGlobalSection
	GlobalSection(ExtensibilityGlobals) = postSolution
		SolutionGuid = {DF22EDE9-78B5-419E-8C5C-F9EDD740D555}
	EndGlobalSection
EndGlobal
